<?xml version="1.0" encoding="utf-8"?>
<Project ToolsVersion="4.0" xmlns="http://schemas.microsoft.com/developer/msbuild/2003">
  <ItemGroup>
    <ClCompile Include="main.cpp" />
    <ClCompile Include="sources\D3D12Helper.cpp">
      <Filter>sources</Filter>
    </ClCompile>
    <ClCompile Include="sources\WindowHelper.cpp">
      <Filter>sources</Filter>
    </ClCompile>
    <ClCompile Include="oss\SimplexNoise.cpp">
      <Filter>oss</Filter>
    </ClCompile>
    <ClCompile Include="sources\Math.cpp">
      <Filter>sources</Filter>
    </ClCompile>
    <ClCompile Include="sources\D3D12BasicFlow.cpp">
      <Filter>sources</Filter>
    </ClCompile>
    <ClCompile Include="sources\Vector.cpp">
      <Filter>sources</Filter>
    </ClCompile>
    <ClCompile Include="sources\StringUtils.cpp">
      <Filter>sources</Filter>
    </ClCompile>
    <ClCompile Include="sources\AssetLoader.cpp">
      <Filter>sources</Filter>
    </ClCompile>
  </ItemGroup>
  <ItemGroup>
    <Filter Include="headers">
      <UniqueIdentifier>{79509f2f-82df-4700-8351-848de95b4841}</UniqueIdentifier>
    </Filter>
    <Filter Include="sources">
      <UniqueIdentifier>{81efffeb-5c03-41be-ad7d-27a97a70cd16}</UniqueIdentifier>
    </Filter>
    <Filter Include="shaders">
      <UniqueIdentifier>{6cee4819-d17a-41d9-aacc-5747a2ef1f2a}</UniqueIdentifier>
    </Filter>
    <Filter Include="oss">
      <UniqueIdentifier>{40c8b5a7-0048-4e60-b6c9-bbd99d927fa4}</UniqueIdentifier>
    </Filter>
  </ItemGroup>
  <ItemGroup>
    <ClInclude Include="headers\D3D12Helper.h">
      <Filter>headers</Filter>
    </ClInclude>
    <ClInclude Include="headers\WindowHelper.h">
      <Filter>headers</Filter>
    </ClInclude>
    <ClInclude Include="oss\SimplexNoise.h">
      <Filter>oss</Filter>
    </ClInclude>
    <ClInclude Include="headers\Math.h">
      <Filter>headers</Filter>
    </ClInclude>
    <ClInclude Include="headers\D3D12BasicFlow.h">
      <Filter>headers</Filter>
    </ClInclude>
    <ClInclude Include="headers\Vector.h">
      <Filter>headers</Filter>
    </ClInclude>
    <ClInclude Include="headers\StringUtils.h">
      <Filter>headers</Filter>
    </ClInclude>
    <ClInclude Include="headers\AssetLoader.h">
      <Filter>headers</Filter>
    </ClInclude>
  </ItemGroup>
  <ItemGroup>
    <FxCompile Include="shaders\Basic.hlsl">
      <Filter>shaders</Filter>
    </FxCompile>
  </ItemGroup>
</Project>