<?xml version="1.0" encoding="utf-8"?>
<Project ToolsVersion="4.0" xmlns="http://schemas.microsoft.com/developer/msbuild/2003">
  <ItemGroup>
    <ClCompile Include="main.cpp" />
    <ClCompile Include="oss\SimplexNoise.cpp">
      <Filter>oss</Filter>
    </ClCompile>
    <ClCompile Include="scripts\sources\TextureLoader.cpp">
      <Filter>scripts\sources</Filter>
    </ClCompile>
    <ClCompile Include="scripts\sources\D3D12BasicFlow.cpp">
      <Filter>scripts\sources</Filter>
    </ClCompile>
    <ClCompile Include="scripts\sources\D3D12Helper.cpp">
      <Filter>scripts\sources</Filter>
    </ClCompile>
    <ClCompile Include="scripts\sources\WindowHelper.cpp">
      <Filter>scripts\sources</Filter>
    </ClCompile>
    <ClCompile Include="scripts\sources\InputHelper.cpp">
      <Filter>scripts\sources</Filter>
    </ClCompile>
    <ClCompile Include="scripts\sources\TextManager.cpp">
      <Filter>scripts\sources</Filter>
    </ClCompile>
  </ItemGroup>
  <ItemGroup>
    <Filter Include="shaders">
      <UniqueIdentifier>{6cee4819-d17a-41d9-aacc-5747a2ef1f2a}</UniqueIdentifier>
    </Filter>
    <Filter Include="oss">
      <UniqueIdentifier>{40c8b5a7-0048-4e60-b6c9-bbd99d927fa4}</UniqueIdentifier>
    </Filter>
    <Filter Include="scripts">
      <UniqueIdentifier>{79509f2f-82df-4700-8351-848de95b4841}</UniqueIdentifier>
    </Filter>
    <Filter Include="scripts\common">
      <UniqueIdentifier>{26cdc3f7-bef5-4e10-ba4d-8d81664aa60a}</UniqueIdentifier>
    </Filter>
    <Filter Include="scripts\headers">
      <UniqueIdentifier>{0d027826-2e35-4f6d-8616-6dbcad6c5df4}</UniqueIdentifier>
    </Filter>
    <Filter Include="scripts\sources">
      <UniqueIdentifier>{d19b9ac7-da06-4446-8c67-af99560650b2}</UniqueIdentifier>
    </Filter>
    <Filter Include="scripts\common\Math">
      <UniqueIdentifier>{5d68defa-3648-4d19-82f9-624bbb67090d}</UniqueIdentifier>
    </Filter>
    <Filter Include="scripts\common\Math\LinearAlgebra">
      <UniqueIdentifier>{95cbdcf1-a0b3-45e1-987e-6a98fa1fc434}</UniqueIdentifier>
    </Filter>
    <Filter Include="scripts\common\Component">
      <UniqueIdentifier>{e0e928fe-3a53-4277-878f-93931ea93924}</UniqueIdentifier>
    </Filter>
    <Filter Include="scripts\common\Component\Mesh">
      <UniqueIdentifier>{981e5dff-fef7-4075-8cda-1be93af33534}</UniqueIdentifier>
    </Filter>
    <Filter Include="scripts\common\Component\Transform">
      <UniqueIdentifier>{722f7aff-d51c-43c5-8061-2e27b20653bf}</UniqueIdentifier>
    </Filter>
    <Filter Include="scripts\common\Utils">
      <UniqueIdentifier>{90ab1ae7-0392-4389-bfcf-1153c9a647a2}</UniqueIdentifier>
    </Filter>
    <Filter Include="shaders\common">
      <UniqueIdentifier>{5f68b7dd-70b4-4ffd-abed-f240d8631c01}</UniqueIdentifier>
    </Filter>
  </ItemGroup>
  <ItemGroup>
    <ClInclude Include="oss\SimplexNoise.h">
      <Filter>oss</Filter>
    </ClInclude>
    <ClInclude Include="scripts\common\Include.h">
      <Filter>scripts\common</Filter>
    </ClInclude>
    <ClInclude Include="scripts\headers\TextureLoader.h">
      <Filter>scripts\headers</Filter>
    </ClInclude>
    <ClInclude Include="scripts\headers\D3D12BasicFlow.h">
      <Filter>scripts\headers</Filter>
    </ClInclude>
    <ClInclude Include="scripts\headers\D3D12Helper.h">
      <Filter>scripts\headers</Filter>
    </ClInclude>
    <ClInclude Include="scripts\headers\WindowHelper.h">
      <Filter>scripts\headers</Filter>
    </ClInclude>
    <ClInclude Include="scripts\headers\D3D12Defines.h">
      <Filter>scripts\headers</Filter>
    </ClInclude>
    <ClInclude Include="scripts\common\Math\Include.h">
      <Filter>scripts\common\Math</Filter>
    </ClInclude>
    <ClInclude Include="scripts\common\Math\LinearAlgebra\Include.h">
      <Filter>scripts\common\Math\LinearAlgebra</Filter>
    </ClInclude>
    <ClInclude Include="scripts\common\Math\LinearAlgebra\Matrix2x2.h">
      <Filter>scripts\common\Math\LinearAlgebra</Filter>
    </ClInclude>
    <ClInclude Include="scripts\common\Math\LinearAlgebra\Matrix3x3.h">
      <Filter>scripts\common\Math\LinearAlgebra</Filter>
    </ClInclude>
    <ClInclude Include="scripts\common\Math\LinearAlgebra\Matrix4x4.h">
      <Filter>scripts\common\Math\LinearAlgebra</Filter>
    </ClInclude>
    <ClInclude Include="scripts\common\Math\LinearAlgebra\Quaternion.h">
      <Filter>scripts\common\Math\LinearAlgebra</Filter>
    </ClInclude>
    <ClInclude Include="scripts\common\Math\LinearAlgebra\Vector2.h">
      <Filter>scripts\common\Math\LinearAlgebra</Filter>
    </ClInclude>
    <ClInclude Include="scripts\common\Math\LinearAlgebra\Vector3.h">
      <Filter>scripts\common\Math\LinearAlgebra</Filter>
    </ClInclude>
    <ClInclude Include="scripts\common\Math\LinearAlgebra\Vector4.h">
      <Filter>scripts\common\Math\LinearAlgebra</Filter>
    </ClInclude>
    <ClInclude Include="scripts\common\Math\Color.h">
      <Filter>scripts\common\Math</Filter>
    </ClInclude>
    <ClInclude Include="scripts\common\Math\Defines.h">
      <Filter>scripts\common\Math</Filter>
    </ClInclude>
    <ClInclude Include="scripts\common\Component\Include.h">
      <Filter>scripts\common\Component</Filter>
    </ClInclude>
    <ClInclude Include="scripts\common\Component\Mesh\Include.h">
      <Filter>scripts\common\Component\Mesh</Filter>
    </ClInclude>
    <ClInclude Include="scripts\common\Component\Mesh\Mesh.h">
      <Filter>scripts\common\Component\Mesh</Filter>
    </ClInclude>
    <ClInclude Include="scripts\common\Component\Transform\Transform.h">
      <Filter>scripts\common\Component\Transform</Filter>
    </ClInclude>
    <ClInclude Include="scripts\common\Component\Transform\CameraTransform.h">
      <Filter>scripts\common\Component\Transform</Filter>
    </ClInclude>
    <ClInclude Include="scripts\common\Component\Transform\Include.h">
      <Filter>scripts\common\Component\Transform</Filter>
    </ClInclude>
    <ClInclude Include="scripts\headers\InputHelper.h">
      <Filter>scripts\headers</Filter>
    </ClInclude>
    <ClInclude Include="scripts\common\Math\LinearAlgebra\Lattice2.h">
      <Filter>scripts\common\Math\LinearAlgebra</Filter>
    </ClInclude>
    <ClInclude Include="scripts\common\Math\LinearAlgebra\Lattice3.h">
      <Filter>scripts\common\Math\LinearAlgebra</Filter>
    </ClInclude>
    <ClInclude Include="scripts\common\Math\LinearAlgebra\Lattice4.h">
      <Filter>scripts\common\Math\LinearAlgebra</Filter>
    </ClInclude>
    <ClInclude Include="scripts\common\Math\Noise.h">
      <Filter>scripts\common\Math</Filter>
    </ClInclude>
    <ClInclude Include="scripts\common\Utils\StringUtils.h">
      <Filter>scripts\common\Utils</Filter>
    </ClInclude>
    <ClInclude Include="scripts\common\Utils\Include.h">
      <Filter>scripts\common\Utils</Filter>
    </ClInclude>
    <ClInclude Include="scripts\headers\Terrain.h">
      <Filter>scripts\headers</Filter>
    </ClInclude>
    <ClInclude Include="scripts\headers\PlayerControl.h">
      <Filter>scripts\headers</Filter>
    </ClInclude>
    <ClInclude Include="scripts\common\Component\Mesh\MeshPP.h">
      <Filter>scripts\common\Component\Mesh</Filter>
    </ClInclude>
    <ClInclude Include="scripts\headers\TextManager.h">
      <Filter>scripts\headers</Filter>
    </ClInclude>
  </ItemGroup>
  <ItemGroup>
    <FxCompile Include="shaders\Basic.hlsl">
      <Filter>shaders</Filter>
    </FxCompile>
    <FxCompile Include="shaders\PP.hlsl">
      <Filter>shaders</Filter>
    </FxCompile>
    <FxCompile Include="shaders\common\AA.hlsl">
      <Filter>shaders\common</Filter>
    </FxCompile>
    <FxCompile Include="shaders\common\Lighting.hlsl">
      <Filter>shaders\common</Filter>
    </FxCompile>
    <FxCompile Include="shaders\common\Defines.hlsl">
      <Filter>shaders\common</Filter>
    </FxCompile>
  </ItemGroup>
</Project>