<?xml version="1.0" encoding="utf-8"?>
<Project ToolsVersion="4.0" xmlns="http://schemas.microsoft.com/developer/msbuild/2003">
  <ItemGroup>
    <ClCompile Include="main.cpp" />
    <ClCompile Include="oss\SimplexNoise.cpp">
      <Filter>oss</Filter>
    </ClCompile>
    <ClCompile Include="scripts\helper\sources\D3D12Helper.cpp">
      <Filter>scripts\helper\sources</Filter>
    </ClCompile>
    <ClCompile Include="scripts\helper\sources\InputHelper.cpp">
      <Filter>scripts\helper\sources</Filter>
    </ClCompile>
    <ClCompile Include="scripts\helper\sources\WindowHelper.cpp">
      <Filter>scripts\helper\sources</Filter>
    </ClCompile>
    <ClCompile Include="scripts\common\Math\LinearAlgebra\sources\Lattice2.cpp">
      <Filter>scripts\common\Math\LinearAlgebra\sources</Filter>
    </ClCompile>
    <ClCompile Include="scripts\common\Math\LinearAlgebra\sources\Lattice3.cpp">
      <Filter>scripts\common\Math\LinearAlgebra\sources</Filter>
    </ClCompile>
    <ClCompile Include="scripts\common\Math\LinearAlgebra\sources\Lattice4.cpp">
      <Filter>scripts\common\Math\LinearAlgebra\sources</Filter>
    </ClCompile>
    <ClCompile Include="scripts\common\Math\LinearAlgebra\sources\Matrix2x2.cpp">
      <Filter>scripts\common\Math\LinearAlgebra\sources</Filter>
    </ClCompile>
    <ClCompile Include="scripts\common\Math\LinearAlgebra\sources\Matrix3x3.cpp">
      <Filter>scripts\common\Math\LinearAlgebra\sources</Filter>
    </ClCompile>
    <ClCompile Include="scripts\common\Math\LinearAlgebra\sources\Matrix4x4.cpp">
      <Filter>scripts\common\Math\LinearAlgebra\sources</Filter>
    </ClCompile>
    <ClCompile Include="scripts\common\Math\LinearAlgebra\sources\Quaternion.cpp">
      <Filter>scripts\common\Math\LinearAlgebra\sources</Filter>
    </ClCompile>
    <ClCompile Include="scripts\common\Math\LinearAlgebra\sources\Vector2.cpp">
      <Filter>scripts\common\Math\LinearAlgebra\sources</Filter>
    </ClCompile>
    <ClCompile Include="scripts\common\Math\LinearAlgebra\sources\Vector3.cpp">
      <Filter>scripts\common\Math\LinearAlgebra\sources</Filter>
    </ClCompile>
    <ClCompile Include="scripts\common\Math\LinearAlgebra\sources\Vector4.cpp">
      <Filter>scripts\common\Math\LinearAlgebra\sources</Filter>
    </ClCompile>
  </ItemGroup>
  <ItemGroup>
    <Filter Include="shaders">
      <UniqueIdentifier>{6cee4819-d17a-41d9-aacc-5747a2ef1f2a}</UniqueIdentifier>
    </Filter>
    <Filter Include="oss">
      <UniqueIdentifier>{40c8b5a7-0048-4e60-b6c9-bbd99d927fa4}</UniqueIdentifier>
    </Filter>
    <Filter Include="scripts">
      <UniqueIdentifier>{79509f2f-82df-4700-8351-848de95b4841}</UniqueIdentifier>
    </Filter>
    <Filter Include="scripts\common">
      <UniqueIdentifier>{26cdc3f7-bef5-4e10-ba4d-8d81664aa60a}</UniqueIdentifier>
    </Filter>
    <Filter Include="scripts\common\Math">
      <UniqueIdentifier>{5d68defa-3648-4d19-82f9-624bbb67090d}</UniqueIdentifier>
    </Filter>
    <Filter Include="scripts\common\Math\LinearAlgebra">
      <UniqueIdentifier>{95cbdcf1-a0b3-45e1-987e-6a98fa1fc434}</UniqueIdentifier>
    </Filter>
    <Filter Include="scripts\common\Utils">
      <UniqueIdentifier>{90ab1ae7-0392-4389-bfcf-1153c9a647a2}</UniqueIdentifier>
    </Filter>
    <Filter Include="shaders\common">
      <UniqueIdentifier>{5f68b7dd-70b4-4ffd-abed-f240d8631c01}</UniqueIdentifier>
    </Filter>
    <Filter Include="scripts\helper">
      <UniqueIdentifier>{49385442-bb11-47e1-bd8d-d1ede4d4d94a}</UniqueIdentifier>
    </Filter>
    <Filter Include="scripts\helper\headers">
      <UniqueIdentifier>{4109da23-552f-47cb-aeb6-c6399748fee0}</UniqueIdentifier>
    </Filter>
    <Filter Include="scripts\helper\sources">
      <UniqueIdentifier>{156c8e8d-3fca-4f25-b24e-5412f7c0e037}</UniqueIdentifier>
    </Filter>
    <Filter Include="scripts\component">
      <UniqueIdentifier>{d9acb63c-a38e-4eb0-9652-4b4edc691e6c}</UniqueIdentifier>
    </Filter>
    <Filter Include="scripts\component\Mesh">
      <UniqueIdentifier>{5c778cc3-1f31-4aa8-b8dc-887ec36cdb5a}</UniqueIdentifier>
    </Filter>
    <Filter Include="scripts\component\Transform">
      <UniqueIdentifier>{84813cc1-4dd8-4e12-8f4a-9fe36a5fdd9d}</UniqueIdentifier>
    </Filter>
    <Filter Include="scripts\gameFlow">
      <UniqueIdentifier>{0d027826-2e35-4f6d-8616-6dbcad6c5df4}</UniqueIdentifier>
    </Filter>
    <Filter Include="scripts\component\Text">
      <UniqueIdentifier>{d535f4f2-9600-48d3-a6ec-66e4ea14419c}</UniqueIdentifier>
    </Filter>
    <Filter Include="scripts\common\Math\LinearAlgebra\headers">
      <UniqueIdentifier>{83009a59-a5c6-487a-86b9-fd29ba0b1513}</UniqueIdentifier>
    </Filter>
    <Filter Include="scripts\common\Math\LinearAlgebra\sources">
      <UniqueIdentifier>{2f71f299-a9a1-4ce5-afe0-7ece2c71e78a}</UniqueIdentifier>
    </Filter>
  </ItemGroup>
  <ItemGroup>
    <ClInclude Include="oss\SimplexNoise.h">
      <Filter>oss</Filter>
    </ClInclude>
    <ClInclude Include="scripts\common\Include.h">
      <Filter>scripts\common</Filter>
    </ClInclude>
    <ClInclude Include="scripts\common\Math\Include.h">
      <Filter>scripts\common\Math</Filter>
    </ClInclude>
    <ClInclude Include="scripts\common\Math\LinearAlgebra\Include.h">
      <Filter>scripts\common\Math\LinearAlgebra</Filter>
    </ClInclude>
    <ClInclude Include="scripts\common\Math\Color.h">
      <Filter>scripts\common\Math</Filter>
    </ClInclude>
    <ClInclude Include="scripts\common\Math\Defines.h">
      <Filter>scripts\common\Math</Filter>
    </ClInclude>
    <ClInclude Include="scripts\common\Math\Noise.h">
      <Filter>scripts\common\Math</Filter>
    </ClInclude>
    <ClInclude Include="scripts\common\Utils\StringUtils.h">
      <Filter>scripts\common\Utils</Filter>
    </ClInclude>
    <ClInclude Include="scripts\common\Utils\Include.h">
      <Filter>scripts\common\Utils</Filter>
    </ClInclude>
    <ClInclude Include="scripts\common\Math\BitFlag.h">
      <Filter>scripts\common\Math</Filter>
    </ClInclude>
    <ClInclude Include="scripts\helper\headers\D3D12Defines.h">
      <Filter>scripts\helper\headers</Filter>
    </ClInclude>
    <ClInclude Include="scripts\helper\headers\D3D12Helper.h">
      <Filter>scripts\helper\headers</Filter>
    </ClInclude>
    <ClInclude Include="scripts\helper\headers\InputHelper.h">
      <Filter>scripts\helper\headers</Filter>
    </ClInclude>
    <ClInclude Include="scripts\helper\headers\WindowHelper.h">
      <Filter>scripts\helper\headers</Filter>
    </ClInclude>
    <ClInclude Include="scripts\helper\Include.h">
      <Filter>scripts\helper</Filter>
    </ClInclude>
    <ClInclude Include="scripts\component\Include.h">
      <Filter>scripts\component</Filter>
    </ClInclude>
    <ClInclude Include="scripts\component\Transform\CameraTransform.h">
      <Filter>scripts\component\Transform</Filter>
    </ClInclude>
    <ClInclude Include="scripts\component\Transform\Include.h">
      <Filter>scripts\component\Transform</Filter>
    </ClInclude>
    <ClInclude Include="scripts\component\Transform\Transform.h">
      <Filter>scripts\component\Transform</Filter>
    </ClInclude>
    <ClInclude Include="scripts\component\Mesh\Include.h">
      <Filter>scripts\component\Mesh</Filter>
    </ClInclude>
    <ClInclude Include="scripts\component\Mesh\Mesh.h">
      <Filter>scripts\component\Mesh</Filter>
    </ClInclude>
    <ClInclude Include="scripts\component\Mesh\MeshQuad.h">
      <Filter>scripts\component\Mesh</Filter>
    </ClInclude>
    <ClInclude Include="scripts\gameFlow\D3D12BasicFlow.h">
      <Filter>scripts\gameFlow</Filter>
    </ClInclude>
    <ClInclude Include="scripts\gameFlow\Include.h">
      <Filter>scripts\gameFlow</Filter>
    </ClInclude>
    <ClInclude Include="scripts\gameFlow\PlayerControl.h">
      <Filter>scripts\gameFlow</Filter>
    </ClInclude>
    <ClInclude Include="scripts\gameFlow\Terrain.h">
      <Filter>scripts\gameFlow</Filter>
    </ClInclude>
    <ClInclude Include="scripts\component\Text\Include.h">
      <Filter>scripts\component\Text</Filter>
    </ClInclude>
    <ClInclude Include="scripts\component\Text\Text.h">
      <Filter>scripts\component\Text</Filter>
    </ClInclude>
    <ClInclude Include="scripts\component\Text\TextUIData.h">
      <Filter>scripts\component\Text</Filter>
    </ClInclude>
    <ClInclude Include="scripts\common\IncludeInternal.h">
      <Filter>scripts\common</Filter>
    </ClInclude>
    <ClInclude Include="scripts\common\Math\LinearAlgebra\headers\Lattice2.h">
      <Filter>scripts\common\Math\LinearAlgebra\headers</Filter>
    </ClInclude>
    <ClInclude Include="scripts\common\Math\LinearAlgebra\headers\Lattice3.h">
      <Filter>scripts\common\Math\LinearAlgebra\headers</Filter>
    </ClInclude>
    <ClInclude Include="scripts\common\Math\LinearAlgebra\headers\Lattice4.h">
      <Filter>scripts\common\Math\LinearAlgebra\headers</Filter>
    </ClInclude>
    <ClInclude Include="scripts\common\Math\LinearAlgebra\headers\Matrix2x2.h">
      <Filter>scripts\common\Math\LinearAlgebra\headers</Filter>
    </ClInclude>
    <ClInclude Include="scripts\common\Math\LinearAlgebra\headers\Matrix3x3.h">
      <Filter>scripts\common\Math\LinearAlgebra\headers</Filter>
    </ClInclude>
    <ClInclude Include="scripts\common\Math\LinearAlgebra\headers\Matrix4x4.h">
      <Filter>scripts\common\Math\LinearAlgebra\headers</Filter>
    </ClInclude>
    <ClInclude Include="scripts\common\Math\LinearAlgebra\headers\Quaternion.h">
      <Filter>scripts\common\Math\LinearAlgebra\headers</Filter>
    </ClInclude>
    <ClInclude Include="scripts\common\Math\LinearAlgebra\headers\Vector2.h">
      <Filter>scripts\common\Math\LinearAlgebra\headers</Filter>
    </ClInclude>
    <ClInclude Include="scripts\common\Math\LinearAlgebra\headers\Vector3.h">
      <Filter>scripts\common\Math\LinearAlgebra\headers</Filter>
    </ClInclude>
    <ClInclude Include="scripts\common\Math\LinearAlgebra\headers\Vector4.h">
      <Filter>scripts\common\Math\LinearAlgebra\headers</Filter>
    </ClInclude>
    <ClInclude Include="scripts\common\Math\LinearAlgebra\ToString.h">
      <Filter>scripts\common\Math\LinearAlgebra</Filter>
    </ClInclude>
  </ItemGroup>
  <ItemGroup>
    <FxCompile Include="shaders\Basic.hlsl">
      <Filter>shaders</Filter>
    </FxCompile>
    <FxCompile Include="shaders\PP.hlsl">
      <Filter>shaders</Filter>
    </FxCompile>
    <FxCompile Include="shaders\common\AA.hlsl">
      <Filter>shaders\common</Filter>
    </FxCompile>
    <FxCompile Include="shaders\common\Lighting.hlsl">
      <Filter>shaders\common</Filter>
    </FxCompile>
    <FxCompile Include="shaders\common\Defines.hlsl">
      <Filter>shaders\common</Filter>
    </FxCompile>
    <FxCompile Include="shaders\Text.hlsl">
      <Filter>shaders</Filter>
    </FxCompile>
    <FxCompile Include="shaders\common\TextSampling.hlsl">
      <Filter>shaders\common</Filter>
    </FxCompile>
    <FxCompile Include="shaders\ShadowDepthWrite.hlsl">
      <Filter>shaders</Filter>
    </FxCompile>
  </ItemGroup>
</Project>